// !$*UTF8*$!
{
	archiveVersion = 1;
	classes = {
	};
	objectVersion = 56;
	objects = {

/* Begin PBXBuildFile section */
		78F03F042A7E482B0085B29C /* AppDelegate.swift in Sources */ = {isa = PBXBuildFile; fileRef = 78F03F032A7E482B0085B29C /* AppDelegate.swift */; };
		78F03F082A7E482B0085B29C /* MainViewController.swift in Sources */ = {isa = PBXBuildFile; fileRef = 78F03F072A7E482B0085B29C /* MainViewController.swift */; };
		78F03F0D2A7E482C0085B29C /* Assets.xcassets in Resources */ = {isa = PBXBuildFile; fileRef = 78F03F0C2A7E482C0085B29C /* Assets.xcassets */; };
		78F03F102A7E482C0085B29C /* LaunchScreen.storyboard in Resources */ = {isa = PBXBuildFile; fileRef = 78F03F0E2A7E482C0085B29C /* LaunchScreen.storyboard */; };
		78F03F1B2A7E48EE0085B29C /* AppCoordinator.swift in Sources */ = {isa = PBXBuildFile; fileRef = 78F03F192A7E48EE0085B29C /* AppCoordinator.swift */; };
		78F03F1C2A7E48EE0085B29C /* CoordinatorBase.swift in Sources */ = {isa = PBXBuildFile; fileRef = 78F03F1A2A7E48EE0085B29C /* CoordinatorBase.swift */; };
		78F03F1F2A7E4BFE0085B29C /* MainViewModel.swift in Sources */ = {isa = PBXBuildFile; fileRef = 78F03F1E2A7E4BFE0085B29C /* MainViewModel.swift */; };
		78F03F212A7E4C040085B29C /* MainViewCoordinator.swift in Sources */ = {isa = PBXBuildFile; fileRef = 78F03F202A7E4C040085B29C /* MainViewCoordinator.swift */; };
/* End PBXBuildFile section */

/* Begin PBXFileReference section */
		78F03F002A7E482B0085B29C /* iOSPreparedMVVMC.app */ = {isa = PBXFileReference; explicitFileType = wrapper.application; includeInIndex = 0; path = iOSPreparedMVVMC.app; sourceTree = BUILT_PRODUCTS_DIR; };
		78F03F032A7E482B0085B29C /* AppDelegate.swift */ = {isa = PBXFileReference; lastKnownFileType = sourcecode.swift; path = AppDelegate.swift; sourceTree = "<group>"; };
		78F03F072A7E482B0085B29C /* MainViewController.swift */ = {isa = PBXFileReference; lastKnownFileType = sourcecode.swift; path = MainViewController.swift; sourceTree = "<group>"; };
		78F03F0C2A7E482C0085B29C /* Assets.xcassets */ = {isa = PBXFileReference; lastKnownFileType = folder.assetcatalog; path = Assets.xcassets; sourceTree = "<group>"; };
		78F03F0F2A7E482C0085B29C /* Base */ = {isa = PBXFileReference; lastKnownFileType = file.storyboard; name = Base; path = Base.lproj/LaunchScreen.storyboard; sourceTree = "<group>"; };
		78F03F112A7E482C0085B29C /* Info.plist */ = {isa = PBXFileReference; lastKnownFileType = text.plist.xml; path = Info.plist; sourceTree = "<group>"; };
		78F03F172A7E485C0085B29C /* README.md */ = {isa = PBXFileReference; lastKnownFileType = net.daringfireball.markdown; path = README.md; sourceTree = "<group>"; };
		78F03F192A7E48EE0085B29C /* AppCoordinator.swift */ = {isa = PBXFileReference; fileEncoding = 4; lastKnownFileType = sourcecode.swift; path = AppCoordinator.swift; sourceTree = "<group>"; };
		78F03F1A2A7E48EE0085B29C /* CoordinatorBase.swift */ = {isa = PBXFileReference; fileEncoding = 4; lastKnownFileType = sourcecode.swift; path = CoordinatorBase.swift; sourceTree = "<group>"; };
		78F03F1E2A7E4BFE0085B29C /* MainViewModel.swift */ = {isa = PBXFileReference; lastKnownFileType = sourcecode.swift; path = MainViewModel.swift; sourceTree = "<group>"; };
		78F03F202A7E4C040085B29C /* MainViewCoordinator.swift */ = {isa = PBXFileReference; lastKnownFileType = sourcecode.swift; path = MainViewCoordinator.swift; sourceTree = "<group>"; };
/* End PBXFileReference section */

/* Begin PBXFrameworksBuildPhase section */
		78F03EFD2A7E482B0085B29C /* Frameworks */ = {
			isa = PBXFrameworksBuildPhase;
			buildActionMask = 2147483647;
			files = (
			);
			runOnlyForDeploymentPostprocessing = 0;
		};
/* End PBXFrameworksBuildPhase section */

/* Begin PBXGroup section */
		78F03EF72A7E482B0085B29C = {
			isa = PBXGroup;
			children = (
				78F03F172A7E485C0085B29C /* README.md */,
				78F03F022A7E482B0085B29C /* iOSPreparedMVVMC */,
				78F03F012A7E482B0085B29C /* Products */,
			);
			sourceTree = "<group>";
		};
		78F03F012A7E482B0085B29C /* Products */ = {
			isa = PBXGroup;
			children = (
				78F03F002A7E482B0085B29C /* iOSPreparedMVVMC.app */,
			);
			name = Products;
			sourceTree = "<group>";
		};
		78F03F022A7E482B0085B29C /* iOSPreparedMVVMC */ = {
			isa = PBXGroup;
			children = (
				78F03F222A7E4C340085B29C /* ViewController */,
				78F03F182A7E48EE0085B29C /* Coordinator */,
				78F03F032A7E482B0085B29C /* AppDelegate.swift */,
				78F03F0C2A7E482C0085B29C /* Assets.xcassets */,
				78F03F0E2A7E482C0085B29C /* LaunchScreen.storyboard */,
				78F03F112A7E482C0085B29C /* Info.plist */,
			);
			path = iOSPreparedMVVMC;
			sourceTree = "<group>";
		};
		78F03F182A7E48EE0085B29C /* Coordinator */ = {
			isa = PBXGroup;
			children = (
				78F03F192A7E48EE0085B29C /* AppCoordinator.swift */,
				78F03F1A2A7E48EE0085B29C /* CoordinatorBase.swift */,
			);
			path = Coordinator;
			sourceTree = "<group>";
		};
		78F03F1D2A7E4BE60085B29C /* MainViewController */ = {
			isa = PBXGroup;
			children = (
				78F03F072A7E482B0085B29C /* MainViewController.swift */,
				78F03F1E2A7E4BFE0085B29C /* MainViewModel.swift */,
				78F03F202A7E4C040085B29C /* MainViewCoordinator.swift */,
			);
			path = MainViewController;
			sourceTree = "<group>";
		};
		78F03F222A7E4C340085B29C /* ViewController */ = {
			isa = PBXGroup;
			children = (
				78F03F1D2A7E4BE60085B29C /* MainViewController */,
			);
			path = ViewController;
			sourceTree = "<group>";
		};
/* End PBXGroup section */

/* Begin PBXNativeTarget section */
		78F03EFF2A7E482B0085B29C /* iOSPreparedMVVMC */ = {
			isa = PBXNativeTarget;
			buildConfigurationList = 78F03F142A7E482C0085B29C /* Build configuration list for PBXNativeTarget "iOSPreparedMVVMC" */;
			buildPhases = (
				78F03EFC2A7E482B0085B29C /* Sources */,
				78F03EFD2A7E482B0085B29C /* Frameworks */,
				78F03EFE2A7E482B0085B29C /* Resources */,
			);
			buildRules = (
			);
			dependencies = (
			);
			name = iOSPreparedMVVMC;
			productName = iOSPreparedMVVMC;
			productReference = 78F03F002A7E482B0085B29C /* iOSPreparedMVVMC.app */;
			productType = "com.apple.product-type.application";
		};
/* End PBXNativeTarget section */

/* Begin PBXProject section */
		78F03EF82A7E482B0085B29C /* Project object */ = {
			isa = PBXProject;
			attributes = {
				BuildIndependentTargetsInParallel = 1;
				LastSwiftUpdateCheck = 1430;
				LastUpgradeCheck = 1430;
				TargetAttributes = {
					78F03EFF2A7E482B0085B29C = {
						CreatedOnToolsVersion = 14.3.1;
					};
				};
			};
			buildConfigurationList = 78F03EFB2A7E482B0085B29C /* Build configuration list for PBXProject "iOSPreparedMVVMC" */;
			compatibilityVersion = "Xcode 14.0";
			developmentRegion = en;
			hasScannedForEncodings = 0;
			knownRegions = (
				en,
				Base,
			);
			mainGroup = 78F03EF72A7E482B0085B29C;
			productRefGroup = 78F03F012A7E482B0085B29C /* Products */;
			projectDirPath = "";
			projectRoot = "";
			targets = (
				78F03EFF2A7E482B0085B29C /* iOSPreparedMVVMC */,
			);
		};
/* End PBXProject section */

/* Begin PBXResourcesBuildPhase section */
		78F03EFE2A7E482B0085B29C /* Resources */ = {
			isa = PBXResourcesBuildPhase;
			buildActionMask = 2147483647;
			files = (
				78F03F102A7E482C0085B29C /* LaunchScreen.storyboard in Resources */,
				78F03F0D2A7E482C0085B29C /* Assets.xcassets in Resources */,
			);
			runOnlyForDeploymentPostprocessing = 0;
		};
/* End PBXResourcesBuildPhase section */

/* Begin PBXSourcesBuildPhase section */
		78F03EFC2A7E482B0085B29C /* Sources */ = {
			isa = PBXSourcesBuildPhase;
			buildActionMask = 2147483647;
			files = (
				78F03F1F2A7E4BFE0085B29C /* MainViewModel.swift in Sources */,
				78F03F1B2A7E48EE0085B29C /* AppCoordinator.swift in Sources */,
				78F03F082A7E482B0085B29C /* MainViewController.swift in Sources */,
				78F03F042A7E482B0085B29C /* AppDelegate.swift in Sources */,
				78F03F212A7E4C040085B29C /* MainViewCoordinator.swift in Sources */,
				78F03F1C2A7E48EE0085B29C /* CoordinatorBase.swift in Sources */,
			);
			runOnlyForDeploymentPostprocessing = 0;
		};
/* End PBXSourcesBuildPhase section */

/* Begin PBXVariantGroup section */
		78F03F0E2A7E482C0085B29C /* LaunchScreen.storyboard */ = {
			isa = PBXVariantGroup;
			children = (
				78F03F0F2A7E482C0085B29C /* Base */,
			);
			name = LaunchScreen.storyboard;
			sourceTree = "<group>";
		};
/* End PBXVariantGroup section */

/* Begin XCBuildConfiguration section */
		78F03F122A7E482C0085B29C /* Debug */ = {
			isa = XCBuildConfiguration;
			buildSettings = {
				ALWAYS_SEARCH_USER_PATHS = NO;
				CLANG_ANALYZER_NONNULL = YES;
				CLANG_ANALYZER_NUMBER_OBJECT_CONVERSION = YES_AGGRESSIVE;
				CLANG_CXX_LANGUAGE_STANDARD = "gnu++20";
				CLANG_ENABLE_MODULES = YES;
				CLANG_ENABLE_OBJC_ARC = YES;
				CLANG_ENABLE_OBJC_WEAK = YES;
				CLANG_WARN_BLOCK_CAPTURE_AUTORELEASING = YES;
				CLANG_WARN_BOOL_CONVERSION = YES;
				CLANG_WARN_COMMA = YES;
				CLANG_WARN_CONSTANT_CONVERSION = YES;
				CLANG_WARN_DEPRECATED_OBJC_IMPLEMENTATIONS = YES;
				CLANG_WARN_DIRECT_OBJC_ISA_USAGE = YES_ERROR;
				CLANG_WARN_DOCUMENTATION_COMMENTS = YES;
				CLANG_WARN_EMPTY_BODY = YES;
				CLANG_WARN_ENUM_CONVERSION = YES;
				CLANG_WARN_INFINITE_RECURSION = YES;
				CLANG_WARN_INT_CONVERSION = YES;
				CLANG_WARN_NON_LITERAL_NULL_CONVERSION = YES;
				CLANG_WARN_OBJC_IMPLICIT_RETAIN_SELF = YES;
				CLANG_WARN_OBJC_LITERAL_CONVERSION = YES;
				CLANG_WARN_OBJC_ROOT_CLASS = YES_ERROR;
				CLANG_WARN_QUOTED_INCLUDE_IN_FRAMEWORK_HEADER = YES;
				CLANG_WARN_RANGE_LOOP_ANALYSIS = YES;
				CLANG_WARN_STRICT_PROTOTYPES = YES;
				CLANG_WARN_SUSPICIOUS_MOVE = YES;
				CLANG_WARN_UNGUARDED_AVAILABILITY = YES_AGGRESSIVE;
				CLANG_WARN_UNREACHABLE_CODE = YES;
				CLANG_WARN__DUPLICATE_METHOD_MATCH = YES;
				COPY_PHASE_STRIP = NO;
				DEBUG_INFORMATION_FORMAT = dwarf;
				ENABLE_STRICT_OBJC_MSGSEND = YES;
				ENABLE_TESTABILITY = YES;
				GCC_C_LANGUAGE_STANDARD = gnu11;
				GCC_DYNAMIC_NO_PIC = NO;
				GCC_NO_COMMON_BLOCKS = YES;
				GCC_OPTIMIZATION_LEVEL = 0;
				GCC_PREPROCESSOR_DEFINITIONS = (
					"DEBUG=1",
					"$(inherited)",
				);
				GCC_WARN_64_TO_32_BIT_CONVERSION = YES;
				GCC_WARN_ABOUT_RETURN_TYPE = YES_ERROR;
				GCC_WARN_UNDECLARED_SELECTOR = YES;
				GCC_WARN_UNINITIALIZED_AUTOS = YES_AGGRESSIVE;
				GCC_WARN_UNUSED_FUNCTION = YES;
				GCC_WARN_UNUSED_VARIABLE = YES;
				IPHONEOS_DEPLOYMENT_TARGET = 16.4;
				MTL_ENABLE_DEBUG_INFO = INCLUDE_SOURCE;
				MTL_FAST_MATH = YES;
				ONLY_ACTIVE_ARCH = YES;
				SDKROOT = iphoneos;
				SWIFT_ACTIVE_COMPILATION_CONDITIONS = DEBUG;
				SWIFT_OPTIMIZATION_LEVEL = "-Onone";
			};
			name = Debug;
		};
		78F03F132A7E482C0085B29C /* Release */ = {
			isa = XCBuildConfiguration;
			buildSettings = {
				ALWAYS_SEARCH_USER_PATHS = NO;
				CLANG_ANALYZER_NONNULL = YES;
				CLANG_ANALYZER_NUMBER_OBJECT_CONVERSION = YES_AGGRESSIVE;
				CLANG_CXX_LANGUAGE_STANDARD = "gnu++20";
				CLANG_ENABLE_MODULES = YES;
				CLANG_ENABLE_OBJC_ARC = YES;
				CLANG_ENABLE_OBJC_WEAK = YES;
				CLANG_WARN_BLOCK_CAPTURE_AUTORELEASING = YES;
				CLANG_WARN_BOOL_CONVERSION = YES;
				CLANG_WARN_COMMA = YES;
				CLANG_WARN_CONSTANT_CONVERSION = YES;
				CLANG_WARN_DEPRECATED_OBJC_IMPLEMENTATIONS = YES;
				CLANG_WARN_DIRECT_OBJC_ISA_USAGE = YES_ERROR;
				CLANG_WARN_DOCUMENTATION_COMMENTS = YES;
				CLANG_WARN_EMPTY_BODY = YES;
				CLANG_WARN_ENUM_CONVERSION = YES;
				CLANG_WARN_INFINITE_RECURSION = YES;
				CLANG_WARN_INT_CONVERSION = YES;
				CLANG_WARN_NON_LITERAL_NULL_CONVERSION = YES;
				CLANG_WARN_OBJC_IMPLICIT_RETAIN_SELF = YES;
				CLANG_WARN_OBJC_LITERAL_CONVERSION = YES;
				CLANG_WARN_OBJC_ROOT_CLASS = YES_ERROR;
				CLANG_WARN_QUOTED_INCLUDE_IN_FRAMEWORK_HEADER = YES;
				CLANG_WARN_RANGE_LOOP_ANALYSIS = YES;
				CLANG_WARN_STRICT_PROTOTYPES = YES;
				CLANG_WARN_SUSPICIOUS_MOVE = YES;
				CLANG_WARN_UNGUARDED_AVAILABILITY = YES_AGGRESSIVE;
				CLANG_WARN_UNREACHABLE_CODE = YES;
				CLANG_WARN__DUPLICATE_METHOD_MATCH = YES;
				COPY_PHASE_STRIP = NO;
				DEBUG_INFORMATION_FORMAT = "dwarf-with-dsym";
				ENABLE_NS_ASSERTIONS = NO;
				ENABLE_STRICT_OBJC_MSGSEND = YES;
				GCC_C_LANGUAGE_STANDARD = gnu11;
				GCC_NO_COMMON_BLOCKS = YES;
				GCC_WARN_64_TO_32_BIT_CONVERSION = YES;
				GCC_WARN_ABOUT_RETURN_TYPE = YES_ERROR;
				GCC_WARN_UNDECLARED_SELECTOR = YES;
				GCC_WARN_UNINITIALIZED_AUTOS = YES_AGGRESSIVE;
				GCC_WARN_UNUSED_FUNCTION = YES;
				GCC_WARN_UNUSED_VARIABLE = YES;
				IPHONEOS_DEPLOYMENT_TARGET = 16.4;
				MTL_ENABLE_DEBUG_INFO = NO;
				MTL_FAST_MATH = YES;
				SDKROOT = iphoneos;
				SWIFT_COMPILATION_MODE = wholemodule;
				SWIFT_OPTIMIZATION_LEVEL = "-O";
				VALIDATE_PRODUCT = YES;
			};
			name = Release;
		};
		78F03F152A7E482C0085B29C /* Debug */ = {
			isa = XCBuildConfiguration;
			buildSettings = {
				ASSETCATALOG_COMPILER_APPICON_NAME = AppIcon;
				ASSETCATALOG_COMPILER_GLOBAL_ACCENT_COLOR_NAME = AccentColor;
				CODE_SIGN_STYLE = Automatic;
				CURRENT_PROJECT_VERSION = 1;
				DEVELOPMENT_TEAM = 9A26P3RMBN;
				GENERATE_INFOPLIST_FILE = YES;
				INFOPLIST_FILE = iOSPreparedMVVMC/Info.plist;
				INFOPLIST_KEY_UIApplicationSupportsIndirectInputEvents = YES;
				INFOPLIST_KEY_UILaunchStoryboardName = LaunchScreen.storyboard;
				INFOPLIST_KEY_UIMainStoryboardFile = "";
				INFOPLIST_KEY_UISupportedInterfaceOrientations_iPad = "UIInterfaceOrientationPortrait UIInterfaceOrientationPortraitUpsideDown UIInterfaceOrientationLandscapeLeft UIInterfaceOrientationLandscapeRight";
				INFOPLIST_KEY_UISupportedInterfaceOrientations_iPhone = "UIInterfaceOrientationPortrait UIInterfaceOrientationLandscapeLeft UIInterfaceOrientationLandscapeRight";
				IPHONEOS_DEPLOYMENT_TARGET = 13.0;
				LD_RUNPATH_SEARCH_PATHS = (
					"$(inherited)",
					"@executable_path/Frameworks",
				);
				MARKETING_VERSION = 1.0;
				PRODUCT_BUNDLE_IDENTIFIER = com.winlentia.iOSPreparedMVVMC;
				PRODUCT_NAME = "$(TARGET_NAME)";
				SWIFT_EMIT_LOC_STRINGS = YES;
				SWIFT_VERSION = 5.0;
				TARGETED_DEVICE_FAMILY = "1,2";
			};
			name = Debug;
		};
		78F03F162A7E482C0085B29C /* Release */ = {
			isa = XCBuildConfiguration;
			buildSettings = {
				ASSETCATALOG_COMPILER_APPICON_NAME = AppIcon;
				ASSETCATALOG_COMPILER_GLOBAL_ACCENT_COLOR_NAME = AccentColor;
				CODE_SIGN_STYLE = Automatic;
				CURRENT_PROJECT_VERSION = 1;
				DEVELOPMENT_TEAM = 9A26P3RMBN;
				GENERATE_INFOPLIST_FILE = YES;
				INFOPLIST_FILE = iOSPreparedMVVMC/Info.plist;
				INFOPLIST_KEY_UIApplicationSupportsIndirectInputEvents = YES;
				INFOPLIST_KEY_UILaunchStoryboardName = LaunchScreen.storyboard;
				INFOPLIST_KEY_UIMainStoryboardFile = "";
				INFOPLIST_KEY_UISupportedInterfaceOrientations_iPad = "UIInterfaceOrientationPortrait UIInterfaceOrientationPortraitUpsideDown UIInterfaceOrientationLandscapeLeft UIInterfaceOrientationLandscapeRight";
				INFOPLIST_KEY_UISupportedInterfaceOrientations_iPhone = "UIInterfaceOrientationPortrait UIInterfaceOrientationLandscapeLeft UIInterfaceOrientationLandscapeRight";
				IPHONEOS_DEPLOYMENT_TARGET = 13.0;
				LD_RUNPATH_SEARCH_PATHS = (
					"$(inherited)",
					"@executable_path/Frameworks",
				);
				MARKETING_VERSION = 1.0;
				PRODUCT_BUNDLE_IDENTIFIER = com.winlentia.iOSPreparedMVVMC;
				PRODUCT_NAME = "$(TARGET_NAME)";
				SWIFT_EMIT_LOC_STRINGS = YES;
				SWIFT_VERSION = 5.0;
				TARGETED_DEVICE_FAMILY = "1,2";
			};
			name = Release;
		};
/* End XCBuildConfiguration section */

/* Begin XCConfigurationList section */
		78F03EFB2A7E482B0085B29C /* Build configuration list for PBXProject "iOSPreparedMVVMC" */ = {
			isa = XCConfigurationList;
			buildConfigurations = (
				78F03F122A7E482C0085B29C /* Debug */,
				78F03F132A7E482C0085B29C /* Release */,
			);
			defaultConfigurationIsVisible = 0;
			defaultConfigurationName = Release;
		};
		78F03F142A7E482C0085B29C /* Build configuration list for PBXNativeTarget "iOSPreparedMVVMC" */ = {
			isa = XCConfigurationList;
			buildConfigurations = (
				78F03F152A7E482C0085B29C /* Debug */,
				78F03F162A7E482C0085B29C /* Release */,
			);
			defaultConfigurationIsVisible = 0;
			defaultConfigurationName = Release;
		};
/* End XCConfigurationList section */
	};
	rootObject = 78F03EF82A7E482B0085B29C /* Project object */;
}
